github.com/jimschubert/jimschubert-resume v0.1.1 h1:ur/uQt3vYGxhu+BU4nBG1yLadyVagnOY+2RwBfcSoP0=
github.com/jimschubert/jimschubert-resume v0.1.1/go.mod h1:hYLKLqEJ4XcAZtzD/YL7d4t7z/WaKCAQzWA4pGrMVeA=
github.com/jimschubert/jimschubert-resume v0.1.2 h1:h8f6Ds0/JW09NTiutlVYC2VaXwaWCrWPNK/L+S+j/Es=
github.com/jimschubert/jimschubert-resume v0.1.2/go.mod h1:hYLKLqEJ4XcAZtzD/YL7d4t7z/WaKCAQzWA4pGrMVeA=
